
Microsoft Visual Studio Solution File, Format Version 12.00
# Visual Studio Version 16
VisualStudioVersion = 16.0.29613.14
MinimumVisualStudioVersion = 10.0.40219.1
Project("{FAE04EC0-301F-11D3-BF4B-00C04F79EFBC}") = "WpfApp1", "WpfApp1\WpfApp1.csproj", "{25792304-A2D1-4D58-97E9-BA39A02E32C2}"
EndProject
Project("{FAE04EC0-301F-11D3-BF4B-00C04F79EFBC}") = "CDClassLibrary", "CDClassLibrary\CDClassLibrary.csproj", "{A35E8A0D-A6FD-495E-A20C-239F0D774624}"
EndProject
Global
	GlobalSection(SolutionConfigurationPlatforms) = preSolution
		Debug|Any CPU = Debug|Any CPU
		Release|Any CPU = Release|Any CPU
	EndGlobalSection
	GlobalSection(ProjectConfigurationPlatforms) = postSolution
		{25792304-A2D1-4D58-97E9-BA39A02E32C2}.Debug|Any CPU.ActiveCfg = Debug|Any CPU
		{25792304-A2D1-4D58-97E9-BA39A02E32C2}.Debug|Any CPU.Build.0 = Debug|Any CPU
		{25792304-A2D1-4D58-97E9-BA39A02E32C2}.Release|Any CPU.ActiveCfg = Release|Any CPU
		{25792304-A2D1-4D58-97E9-BA39A02E32C2}.Release|Any CPU.Build.0 = Release|Any CPU
		{A35E8A0D-A6FD-495E-A20C-239F0D774624}.Debug|Any CPU.ActiveCfg = Debug|Any CPU
		{A35E8A0D-A6FD-495E-A20C-239F0D774624}.Debug|Any CPU.Build.0 = Debug|Any CPU
		{A35E8A0D-A6FD-495E-A20C-239F0D774624}.Release|Any CPU.ActiveCfg = Release|Any CPU
		{A35E8A0D-A6FD-495E-A20C-239F0D774624}.Release|Any CPU.Build.0 = Release|Any CPU
	EndGlobalSection
	GlobalSection(SolutionProperties) = preSolution
		HideSolutionNode = FALSE
	EndGlobalSection
	GlobalSection(ExtensibilityGlobals) = postSolution
		SolutionGuid = {5C8E0AF5-C5BD-461E-B323-0BE27B5E5C7C}
	EndGlobalSection
EndGlobal
